
Microsoft Visual Studio Solution File, Format Version 12.00
# Visual Studio Version 16
VisualStudioVersion = 16.0.31624.102
MinimumVisualStudioVersion = 10.0.40219.1
Project("{FAE04EC0-301F-11D3-BF4B-00C04F79EFBC}") = "Otus30", "Otus30.csproj", "{9371F5CC-A3CD-48F6-8433-8E80556EA917}"
EndProject
Global
	GlobalSection(SolutionConfigurationPlatforms) = preSolution
		Debug|Any CPU = Debug|Any CPU
		Release|Any CPU = Release|Any CPU
	EndGlobalSection
	GlobalSection(ProjectConfigurationPlatforms) = postSolution
		{9371F5CC-A3CD-48F6-8433-8E80556EA917}.Debug|Any CPU.ActiveCfg = Debug|Any CPU
		{9371F5CC-A3CD-48F6-8433-8E80556EA917}.Debug|Any CPU.Build.0 = Debug|Any CPU
		{9371F5CC-A3CD-48F6-8433-8E80556EA917}.Release|Any CPU.ActiveCfg = Release|Any CPU
		{9371F5CC-A3CD-48F6-8433-8E80556EA917}.Release|Any CPU.Build.0 = Release|Any CPU
	EndGlobalSection
	GlobalSection(SolutionProperties) = preSolution
		HideSolutionNode = FALSE
	EndGlobalSection
	GlobalSection(ExtensibilityGlobals) = postSolution
		SolutionGuid = {388BB9C0-3D03-44D5-8223-B37C9236DE48}
	EndGlobalSection
EndGlobal
